
Microsoft Visual Studio Solution File, Format Version 12.00
# Visual Studio Version 16
VisualStudioVersion = 16.0.31729.503
MinimumVisualStudioVersion = 10.0.40219.1
Project("{FAE04EC0-301F-11D3-BF4B-00C04F79EFBC}") = "PracticeLinq", "PracticeLinq.csproj", "{069550BF-BFA1-4CE3-8E76-B0324A578BC9}"
EndProject
Global
	GlobalSection(SolutionConfigurationPlatforms) = preSolution
		Debug|Any CPU = Debug|Any CPU
		Release|Any CPU = Release|Any CPU
	EndGlobalSection
	GlobalSection(ProjectConfigurationPlatforms) = postSolution
		{069550BF-BFA1-4CE3-8E76-B0324A578BC9}.Debug|Any CPU.ActiveCfg = Debug|Any CPU
		{069550BF-BFA1-4CE3-8E76-B0324A578BC9}.Debug|Any CPU.Build.0 = Debug|Any CPU
		{069550BF-BFA1-4CE3-8E76-B0324A578BC9}.Release|Any CPU.ActiveCfg = Release|Any CPU
		{069550BF-BFA1-4CE3-8E76-B0324A578BC9}.Release|Any CPU.Build.0 = Release|Any CPU
	EndGlobalSection
	GlobalSection(SolutionProperties) = preSolution
		HideSolutionNode = FALSE
	EndGlobalSection
	GlobalSection(ExtensibilityGlobals) = postSolution
		SolutionGuid = {33F93B3E-C7BC-4301-8056-BF9F67A89FE2}
	EndGlobalSection
EndGlobal
